
Microsoft Visual Studio Solution File, Format Version 12.00
# Visual Studio 14
VisualStudioVersion = 14.0.25420.1
MinimumVisualStudioVersion = 10.0.40219.1
Project("{FAE04EC0-301F-11D3-BF4B-00C04F79EFBC}") = "ProgrammersBlog", "ProgrammersBlog\ProgrammersBlog.csproj", "{545E6146-C9DD-4699-914F-6DA5892370BD}"
EndProject
Project("{FAE04EC0-301F-11D3-BF4B-00C04F79EFBC}") = "ProgrammersBlog.Tests", "ProgrammersBlog.Tests\ProgrammersBlog.Tests.csproj", "{C5E26CC6-3892-4389-A9DC-1D56BDF0B4EB}"
EndProject
Project("{00D1A9C2-B5F0-4AF3-8072-F6C62B433612}") = "ProgrammersBlog.Database", "ProgrammersBlog.Database\ProgrammersBlog.Database.sqlproj", "{EEB645A9-AD7C-4E85-B865-83479193514B}"
EndProject
Project("{FAE04EC0-301F-11D3-BF4B-00C04F79EFBC}") = "ProgrammersBlogDomain", "ProgrammersBlogDomain\ProgrammersBlogDomain.csproj", "{7BA7CF54-401C-466E-84C1-48A7C3EFD7AF}"
EndProject
Global
	GlobalSection(SolutionConfigurationPlatforms) = preSolution
		Debug|Any CPU = Debug|Any CPU
		Release|Any CPU = Release|Any CPU
	EndGlobalSection
	GlobalSection(ProjectConfigurationPlatforms) = postSolution
		{545E6146-C9DD-4699-914F-6DA5892370BD}.Debug|Any CPU.ActiveCfg = Debug|Any CPU
		{545E6146-C9DD-4699-914F-6DA5892370BD}.Debug|Any CPU.Build.0 = Debug|Any CPU
		{545E6146-C9DD-4699-914F-6DA5892370BD}.Release|Any CPU.ActiveCfg = Release|Any CPU
		{545E6146-C9DD-4699-914F-6DA5892370BD}.Release|Any CPU.Build.0 = Release|Any CPU
		{C5E26CC6-3892-4389-A9DC-1D56BDF0B4EB}.Debug|Any CPU.ActiveCfg = Debug|Any CPU
		{C5E26CC6-3892-4389-A9DC-1D56BDF0B4EB}.Debug|Any CPU.Build.0 = Debug|Any CPU
		{C5E26CC6-3892-4389-A9DC-1D56BDF0B4EB}.Release|Any CPU.ActiveCfg = Release|Any CPU
		{C5E26CC6-3892-4389-A9DC-1D56BDF0B4EB}.Release|Any CPU.Build.0 = Release|Any CPU
		{EEB645A9-AD7C-4E85-B865-83479193514B}.Debug|Any CPU.ActiveCfg = Debug|Any CPU
		{EEB645A9-AD7C-4E85-B865-83479193514B}.Debug|Any CPU.Build.0 = Debug|Any CPU
		{EEB645A9-AD7C-4E85-B865-83479193514B}.Debug|Any CPU.Deploy.0 = Debug|Any CPU
		{EEB645A9-AD7C-4E85-B865-83479193514B}.Release|Any CPU.ActiveCfg = Release|Any CPU
		{EEB645A9-AD7C-4E85-B865-83479193514B}.Release|Any CPU.Build.0 = Release|Any CPU
		{EEB645A9-AD7C-4E85-B865-83479193514B}.Release|Any CPU.Deploy.0 = Release|Any CPU
		{7BA7CF54-401C-466E-84C1-48A7C3EFD7AF}.Debug|Any CPU.ActiveCfg = Debug|Any CPU
		{7BA7CF54-401C-466E-84C1-48A7C3EFD7AF}.Debug|Any CPU.Build.0 = Debug|Any CPU
		{7BA7CF54-401C-466E-84C1-48A7C3EFD7AF}.Release|Any CPU.ActiveCfg = Release|Any CPU
		{7BA7CF54-401C-466E-84C1-48A7C3EFD7AF}.Release|Any CPU.Build.0 = Release|Any CPU
	EndGlobalSection
	GlobalSection(SolutionProperties) = preSolution
		HideSolutionNode = FALSE
	EndGlobalSection
EndGlobal
